
Microsoft Visual Studio Solution File, Format Version 12.00
# Visual Studio Version 17
Project("{8BC9CEB8-8B4A-11D0-8D11-00A0C91BC942}") = "ImagineStudio", "ImagineStudio.vcxproj", "{D4A86583-29C1-3EFB-B9CB-5E9989AE8BD2}"
	ProjectSection(ProjectDependencies) = postProject
		{481D99A0-39DC-3013-8DD9-FD5846C199C6} = {481D99A0-39DC-3013-8DD9-FD5846C199C6}
		{398F4C1B-E96D-3F53-ADD6-31B3AEC2517D} = {398F4C1B-E96D-3F53-ADD6-31B3AEC2517D}
		{8E2AAAFB-3894-344E-8B79-06B307C8FA73} = {8E2AAAFB-3894-344E-8B79-06B307C8FA73}
	EndProjectSection
EndProject
Project("{8BC9CEB8-8B4A-11D0-8D11-00A0C91BC942}") = "ALL_BUILD", "ALL_BUILD.vcxproj", "{F7545DE6-5B0A-3F1F-B437-08AEAAC80808}"
	ProjectSection(ProjectDependencies) = postProject
		{481D99A0-39DC-3013-8DD9-FD5846C199C6} = {481D99A0-39DC-3013-8DD9-FD5846C199C6}
		{D4A86583-29C1-3EFB-B9CB-5E9989AE8BD2} = {D4A86583-29C1-3EFB-B9CB-5E9989AE8BD2}
		{398F4C1B-E96D-3F53-ADD6-31B3AEC2517D} = {398F4C1B-E96D-3F53-ADD6-31B3AEC2517D}
		{81D62A65-6AD5-3F7B-B478-8233F127EAE3} = {81D62A65-6AD5-3F7B-B478-8233F127EAE3}
		{7A9AF2D8-3D50-3FF8-9DAA-E8729C8088A2} = {7A9AF2D8-3D50-3FF8-9DAA-E8729C8088A2}
		{BBB83104-B036-3431-B561-5623C682235D} = {BBB83104-B036-3431-B561-5623C682235D}
		{ECC20938-B2E4-3522-B88B-7B4CA9B9204F} = {ECC20938-B2E4-3522-B88B-7B4CA9B9204F}
		{548C008D-4A32-333F-946C-3E28E890A55F} = {548C008D-4A32-333F-946C-3E28E890A55F}
		{5C448806-E7B9-373B-8A24-E124B5FA2B04} = {5C448806-E7B9-373B-8A24-E124B5FA2B04}
		{90D22F7B-CF35-35F3-8BAB-C766B3EBAE31} = {90D22F7B-CF35-35F3-8BAB-C766B3EBAE31}
		{12DA14A7-8EDA-3313-9D78-916F1D4E82EE} = {12DA14A7-8EDA-3313-9D78-916F1D4E82EE}
		{8E2AAAFB-3894-344E-8B79-06B307C8FA73} = {8E2AAAFB-3894-344E-8B79-06B307C8FA73}
		{BE4731C1-6D44-3BF1-B657-37276DAFF697} = {BE4731C1-6D44-3BF1-B657-37276DAFF697}
		{E6C04194-E93E-32AD-B50B-6614F4CA9CF8} = {E6C04194-E93E-32AD-B50B-6614F4CA9CF8}
		{0D933C3C-8936-32D3-9DDF-784F99FDEEBD} = {0D933C3C-8936-32D3-9DDF-784F99FDEEBD}
		{DF09965F-BC2B-37B5-A658-BE1CB0E80531} = {DF09965F-BC2B-37B5-A658-BE1CB0E80531}
	EndProjectSection
EndProject
Project("{8BC9CEB8-8B4A-11D0-8D11-00A0C91BC942}") = "ImGui", "ImGui.vcxproj", "{481D99A0-39DC-3013-8DD9-FD5846C199C6}"
	ProjectSection(ProjectDependencies) = postProject
		{398F4C1B-E96D-3F53-ADD6-31B3AEC2517D} = {398F4C1B-E96D-3F53-ADD6-31B3AEC2517D}
	EndProjectSection
EndProject
Project("{8BC9CEB8-8B4A-11D0-8D11-00A0C91BC942}") = "ZERO_CHECK", "ZERO_CHECK.vcxproj", "{398F4C1B-E96D-3F53-ADD6-31B3AEC2517D}"
	ProjectSection(ProjectDependencies) = postProject
	EndProjectSection
EndProject
Project("{8BC9CEB8-8B4A-11D0-8D11-00A0C91BC942}") = "adapter_test", "adapter_test.vcxproj", "{81D62A65-6AD5-3F7B-B478-8233F127EAE3}"
	ProjectSection(ProjectDependencies) = postProject
		{398F4C1B-E96D-3F53-ADD6-31B3AEC2517D} = {398F4C1B-E96D-3F53-ADD6-31B3AEC2517D}
	EndProjectSection
EndProject
Project("{8BC9CEB8-8B4A-11D0-8D11-00A0C91BC942}") = "asset_database_test", "asset_database_test.vcxproj", "{7A9AF2D8-3D50-3FF8-9DAA-E8729C8088A2}"
	ProjectSection(ProjectDependencies) = postProject
		{398F4C1B-E96D-3F53-ADD6-31B3AEC2517D} = {398F4C1B-E96D-3F53-ADD6-31B3AEC2517D}
	EndProjectSection
EndProject
Project("{8BC9CEB8-8B4A-11D0-8D11-00A0C91BC942}") = "entity_test", "entity_test.vcxproj", "{BBB83104-B036-3431-B561-5623C682235D}"
	ProjectSection(ProjectDependencies) = postProject
		{398F4C1B-E96D-3F53-ADD6-31B3AEC2517D} = {398F4C1B-E96D-3F53-ADD6-31B3AEC2517D}
	EndProjectSection
EndProject
Project("{8BC9CEB8-8B4A-11D0-8D11-00A0C91BC942}") = "example_runner", "example_runner.vcxproj", "{ECC20938-B2E4-3522-B88B-7B4CA9B9204F}"
	ProjectSection(ProjectDependencies) = postProject
		{398F4C1B-E96D-3F53-ADD6-31B3AEC2517D} = {398F4C1B-E96D-3F53-ADD6-31B3AEC2517D}
	EndProjectSection
EndProject
Project("{8BC9CEB8-8B4A-11D0-8D11-00A0C91BC942}") = "material_test", "material_test.vcxproj", "{548C008D-4A32-333F-946C-3E28E890A55F}"
	ProjectSection(ProjectDependencies) = postProject
		{481D99A0-39DC-3013-8DD9-FD5846C199C6} = {481D99A0-39DC-3013-8DD9-FD5846C199C6}
		{398F4C1B-E96D-3F53-ADD6-31B3AEC2517D} = {398F4C1B-E96D-3F53-ADD6-31B3AEC2517D}
	EndProjectSection
EndProject
Project("{8BC9CEB8-8B4A-11D0-8D11-00A0C91BC942}") = "mesh_importer_test", "mesh_importer_test.vcxproj", "{5C448806-E7B9-373B-8A24-E124B5FA2B04}"
	ProjectSection(ProjectDependencies) = postProject
		{398F4C1B-E96D-3F53-ADD6-31B3AEC2517D} = {398F4C1B-E96D-3F53-ADD6-31B3AEC2517D}
	EndProjectSection
EndProject
Project("{8BC9CEB8-8B4A-11D0-8D11-00A0C91BC942}") = "scene_serializer_test", "scene_serializer_test.vcxproj", "{90D22F7B-CF35-35F3-8BAB-C766B3EBAE31}"
	ProjectSection(ProjectDependencies) = postProject
		{398F4C1B-E96D-3F53-ADD6-31B3AEC2517D} = {398F4C1B-E96D-3F53-ADD6-31B3AEC2517D}
	EndProjectSection
EndProject
Project("{8BC9CEB8-8B4A-11D0-8D11-00A0C91BC942}") = "scene_test", "scene_test.vcxproj", "{12DA14A7-8EDA-3313-9D78-916F1D4E82EE}"
	ProjectSection(ProjectDependencies) = postProject
		{398F4C1B-E96D-3F53-ADD6-31B3AEC2517D} = {398F4C1B-E96D-3F53-ADD6-31B3AEC2517D}
	EndProjectSection
EndProject
Project("{8BC9CEB8-8B4A-11D0-8D11-00A0C91BC942}") = "stb_image", "stb_image.vcxproj", "{8E2AAAFB-3894-344E-8B79-06B307C8FA73}"
	ProjectSection(ProjectDependencies) = postProject
		{398F4C1B-E96D-3F53-ADD6-31B3AEC2517D} = {398F4C1B-E96D-3F53-ADD6-31B3AEC2517D}
	EndProjectSection
EndProject
Project("{8BC9CEB8-8B4A-11D0-8D11-00A0C91BC942}") = "taskgraph_test", "taskgraph_test.vcxproj", "{BE4731C1-6D44-3BF1-B657-37276DAFF697}"
	ProjectSection(ProjectDependencies) = postProject
		{398F4C1B-E96D-3F53-ADD6-31B3AEC2517D} = {398F4C1B-E96D-3F53-ADD6-31B3AEC2517D}
	EndProjectSection
EndProject
Project("{8BC9CEB8-8B4A-11D0-8D11-00A0C91BC942}") = "texture_importer_test", "texture_importer_test.vcxproj", "{E6C04194-E93E-32AD-B50B-6614F4CA9CF8}"
	ProjectSection(ProjectDependencies) = postProject
		{398F4C1B-E96D-3F53-ADD6-31B3AEC2517D} = {398F4C1B-E96D-3F53-ADD6-31B3AEC2517D}
		{8E2AAAFB-3894-344E-8B79-06B307C8FA73} = {8E2AAAFB-3894-344E-8B79-06B307C8FA73}
	EndProjectSection
EndProject
Project("{8BC9CEB8-8B4A-11D0-8D11-00A0C91BC942}") = "threadpool_bench", "threadpool_bench.vcxproj", "{0D933C3C-8936-32D3-9DDF-784F99FDEEBD}"
	ProjectSection(ProjectDependencies) = postProject
		{398F4C1B-E96D-3F53-ADD6-31B3AEC2517D} = {398F4C1B-E96D-3F53-ADD6-31B3AEC2517D}
	EndProjectSection
EndProject
Project("{8BC9CEB8-8B4A-11D0-8D11-00A0C91BC942}") = "transform_test", "transform_test.vcxproj", "{DF09965F-BC2B-37B5-A658-BE1CB0E80531}"
	ProjectSection(ProjectDependencies) = postProject
		{398F4C1B-E96D-3F53-ADD6-31B3AEC2517D} = {398F4C1B-E96D-3F53-ADD6-31B3AEC2517D}
	EndProjectSection
EndProject
Global
	GlobalSection(SolutionConfigurationPlatforms) = preSolution
		Debug|x64 = Debug|x64
		Release|x64 = Release|x64
		MinSizeRel|x64 = MinSizeRel|x64
		RelWithDebInfo|x64 = RelWithDebInfo|x64
	EndGlobalSection
	GlobalSection(ProjectConfigurationPlatforms) = postSolution
		{D4A86583-29C1-3EFB-B9CB-5E9989AE8BD2}.Debug|x64.ActiveCfg = Debug|x64
		{D4A86583-29C1-3EFB-B9CB-5E9989AE8BD2}.Debug|x64.Build.0 = Debug|x64
		{D4A86583-29C1-3EFB-B9CB-5E9989AE8BD2}.Release|x64.ActiveCfg = Release|x64
		{D4A86583-29C1-3EFB-B9CB-5E9989AE8BD2}.Release|x64.Build.0 = Release|x64
		{D4A86583-29C1-3EFB-B9CB-5E9989AE8BD2}.MinSizeRel|x64.ActiveCfg = MinSizeRel|x64
		{D4A86583-29C1-3EFB-B9CB-5E9989AE8BD2}.MinSizeRel|x64.Build.0 = MinSizeRel|x64
		{D4A86583-29C1-3EFB-B9CB-5E9989AE8BD2}.RelWithDebInfo|x64.ActiveCfg = RelWithDebInfo|x64
		{D4A86583-29C1-3EFB-B9CB-5E9989AE8BD2}.RelWithDebInfo|x64.Build.0 = RelWithDebInfo|x64
		{F7545DE6-5B0A-3F1F-B437-08AEAAC80808}.Debug|x64.ActiveCfg = Debug|x64
		{F7545DE6-5B0A-3F1F-B437-08AEAAC80808}.Release|x64.ActiveCfg = Release|x64
		{F7545DE6-5B0A-3F1F-B437-08AEAAC80808}.MinSizeRel|x64.ActiveCfg = MinSizeRel|x64
		{F7545DE6-5B0A-3F1F-B437-08AEAAC80808}.RelWithDebInfo|x64.ActiveCfg = RelWithDebInfo|x64
		{481D99A0-39DC-3013-8DD9-FD5846C199C6}.Debug|x64.ActiveCfg = Debug|x64
		{481D99A0-39DC-3013-8DD9-FD5846C199C6}.Debug|x64.Build.0 = Debug|x64
		{481D99A0-39DC-3013-8DD9-FD5846C199C6}.Release|x64.ActiveCfg = Release|x64
		{481D99A0-39DC-3013-8DD9-FD5846C199C6}.Release|x64.Build.0 = Release|x64
		{481D99A0-39DC-3013-8DD9-FD5846C199C6}.MinSizeRel|x64.ActiveCfg = MinSizeRel|x64
		{481D99A0-39DC-3013-8DD9-FD5846C199C6}.MinSizeRel|x64.Build.0 = MinSizeRel|x64
		{481D99A0-39DC-3013-8DD9-FD5846C199C6}.RelWithDebInfo|x64.ActiveCfg = RelWithDebInfo|x64
		{481D99A0-39DC-3013-8DD9-FD5846C199C6}.RelWithDebInfo|x64.Build.0 = RelWithDebInfo|x64
		{398F4C1B-E96D-3F53-ADD6-31B3AEC2517D}.Debug|x64.ActiveCfg = Debug|x64
		{398F4C1B-E96D-3F53-ADD6-31B3AEC2517D}.Debug|x64.Build.0 = Debug|x64
		{398F4C1B-E96D-3F53-ADD6-31B3AEC2517D}.Release|x64.ActiveCfg = Release|x64
		{398F4C1B-E96D-3F53-ADD6-31B3AEC2517D}.Release|x64.Build.0 = Release|x64
		{398F4C1B-E96D-3F53-ADD6-31B3AEC2517D}.MinSizeRel|x64.ActiveCfg = MinSizeRel|x64
		{398F4C1B-E96D-3F53-ADD6-31B3AEC2517D}.MinSizeRel|x64.Build.0 = MinSizeRel|x64
		{398F4C1B-E96D-3F53-ADD6-31B3AEC2517D}.RelWithDebInfo|x64.ActiveCfg = RelWithDebInfo|x64
		{398F4C1B-E96D-3F53-ADD6-31B3AEC2517D}.RelWithDebInfo|x64.Build.0 = RelWithDebInfo|x64
		{81D62A65-6AD5-3F7B-B478-8233F127EAE3}.Debug|x64.ActiveCfg = Debug|x64
		{81D62A65-6AD5-3F7B-B478-8233F127EAE3}.Debug|x64.Build.0 = Debug|x64
		{81D62A65-6AD5-3F7B-B478-8233F127EAE3}.Release|x64.ActiveCfg = Release|x64
		{81D62A65-6AD5-3F7B-B478-8233F127EAE3}.Release|x64.Build.0 = Release|x64
		{81D62A65-6AD5-3F7B-B478-8233F127EAE3}.MinSizeRel|x64.ActiveCfg = MinSizeRel|x64
		{81D62A65-6AD5-3F7B-B478-8233F127EAE3}.MinSizeRel|x64.Build.0 = MinSizeRel|x64
		{81D62A65-6AD5-3F7B-B478-8233F127EAE3}.RelWithDebInfo|x64.ActiveCfg = RelWithDebInfo|x64
		{81D62A65-6AD5-3F7B-B478-8233F127EAE3}.RelWithDebInfo|x64.Build.0 = RelWithDebInfo|x64
		{7A9AF2D8-3D50-3FF8-9DAA-E8729C8088A2}.Debug|x64.ActiveCfg = Debug|x64
		{7A9AF2D8-3D50-3FF8-9DAA-E8729C8088A2}.Debug|x64.Build.0 = Debug|x64
		{7A9AF2D8-3D50-3FF8-9DAA-E8729C8088A2}.Release|x64.ActiveCfg = Release|x64
		{7A9AF2D8-3D50-3FF8-9DAA-E8729C8088A2}.Release|x64.Build.0 = Release|x64
		{7A9AF2D8-3D50-3FF8-9DAA-E8729C8088A2}.MinSizeRel|x64.ActiveCfg = MinSizeRel|x64
		{7A9AF2D8-3D50-3FF8-9DAA-E8729C8088A2}.MinSizeRel|x64.Build.0 = MinSizeRel|x64
		{7A9AF2D8-3D50-3FF8-9DAA-E8729C8088A2}.RelWithDebInfo|x64.ActiveCfg = RelWithDebInfo|x64
		{7A9AF2D8-3D50-3FF8-9DAA-E8729C8088A2}.RelWithDebInfo|x64.Build.0 = RelWithDebInfo|x64
		{BBB83104-B036-3431-B561-5623C682235D}.Debug|x64.ActiveCfg = Debug|x64
		{BBB83104-B036-3431-B561-5623C682235D}.Debug|x64.Build.0 = Debug|x64
		{BBB83104-B036-3431-B561-5623C682235D}.Release|x64.ActiveCfg = Release|x64
		{BBB83104-B036-3431-B561-5623C682235D}.Release|x64.Build.0 = Release|x64
		{BBB83104-B036-3431-B561-5623C682235D}.MinSizeRel|x64.ActiveCfg = MinSizeRel|x64
		{BBB83104-B036-3431-B561-5623C682235D}.MinSizeRel|x64.Build.0 = MinSizeRel|x64
		{BBB83104-B036-3431-B561-5623C682235D}.RelWithDebInfo|x64.ActiveCfg = RelWithDebInfo|x64
		{BBB83104-B036-3431-B561-5623C682235D}.RelWithDebInfo|x64.Build.0 = RelWithDebInfo|x64
		{ECC20938-B2E4-3522-B88B-7B4CA9B9204F}.Debug|x64.ActiveCfg = Debug|x64
		{ECC20938-B2E4-3522-B88B-7B4CA9B9204F}.Debug|x64.Build.0 = Debug|x64
		{ECC20938-B2E4-3522-B88B-7B4CA9B9204F}.Release|x64.ActiveCfg = Release|x64
		{ECC20938-B2E4-3522-B88B-7B4CA9B9204F}.Release|x64.Build.0 = Release|x64
		{ECC20938-B2E4-3522-B88B-7B4CA9B9204F}.MinSizeRel|x64.ActiveCfg = MinSizeRel|x64
		{ECC20938-B2E4-3522-B88B-7B4CA9B9204F}.MinSizeRel|x64.Build.0 = MinSizeRel|x64
		{ECC20938-B2E4-3522-B88B-7B4CA9B9204F}.RelWithDebInfo|x64.ActiveCfg = RelWithDebInfo|x64
		{ECC20938-B2E4-3522-B88B-7B4CA9B9204F}.RelWithDebInfo|x64.Build.0 = RelWithDebInfo|x64
		{548C008D-4A32-333F-946C-3E28E890A55F}.Debug|x64.ActiveCfg = Debug|x64
		{548C008D-4A32-333F-946C-3E28E890A55F}.Debug|x64.Build.0 = Debug|x64
		{548C008D-4A32-333F-946C-3E28E890A55F}.Release|x64.ActiveCfg = Release|x64
		{548C008D-4A32-333F-946C-3E28E890A55F}.Release|x64.Build.0 = Release|x64
		{548C008D-4A32-333F-946C-3E28E890A55F}.MinSizeRel|x64.ActiveCfg = MinSizeRel|x64
		{548C008D-4A32-333F-946C-3E28E890A55F}.MinSizeRel|x64.Build.0 = MinSizeRel|x64
		{548C008D-4A32-333F-946C-3E28E890A55F}.RelWithDebInfo|x64.ActiveCfg = RelWithDebInfo|x64
		{548C008D-4A32-333F-946C-3E28E890A55F}.RelWithDebInfo|x64.Build.0 = RelWithDebInfo|x64
		{5C448806-E7B9-373B-8A24-E124B5FA2B04}.Debug|x64.ActiveCfg = Debug|x64
		{5C448806-E7B9-373B-8A24-E124B5FA2B04}.Debug|x64.Build.0 = Debug|x64
		{5C448806-E7B9-373B-8A24-E124B5FA2B04}.Release|x64.ActiveCfg = Release|x64
		{5C448806-E7B9-373B-8A24-E124B5FA2B04}.Release|x64.Build.0 = Release|x64
		{5C448806-E7B9-373B-8A24-E124B5FA2B04}.MinSizeRel|x64.ActiveCfg = MinSizeRel|x64
		{5C448806-E7B9-373B-8A24-E124B5FA2B04}.MinSizeRel|x64.Build.0 = MinSizeRel|x64
		{5C448806-E7B9-373B-8A24-E124B5FA2B04}.RelWithDebInfo|x64.ActiveCfg = RelWithDebInfo|x64
		{5C448806-E7B9-373B-8A24-E124B5FA2B04}.RelWithDebInfo|x64.Build.0 = RelWithDebInfo|x64
		{90D22F7B-CF35-35F3-8BAB-C766B3EBAE31}.Debug|x64.ActiveCfg = Debug|x64
		{90D22F7B-CF35-35F3-8BAB-C766B3EBAE31}.Debug|x64.Build.0 = Debug|x64
		{90D22F7B-CF35-35F3-8BAB-C766B3EBAE31}.Release|x64.ActiveCfg = Release|x64
		{90D22F7B-CF35-35F3-8BAB-C766B3EBAE31}.Release|x64.Build.0 = Release|x64
		{90D22F7B-CF35-35F3-8BAB-C766B3EBAE31}.MinSizeRel|x64.ActiveCfg = MinSizeRel|x64
		{90D22F7B-CF35-35F3-8BAB-C766B3EBAE31}.MinSizeRel|x64.Build.0 = MinSizeRel|x64
		{90D22F7B-CF35-35F3-8BAB-C766B3EBAE31}.RelWithDebInfo|x64.ActiveCfg = RelWithDebInfo|x64
		{90D22F7B-CF35-35F3-8BAB-C766B3EBAE31}.RelWithDebInfo|x64.Build.0 = RelWithDebInfo|x64
		{12DA14A7-8EDA-3313-9D78-916F1D4E82EE}.Debug|x64.ActiveCfg = Debug|x64
		{12DA14A7-8EDA-3313-9D78-916F1D4E82EE}.Debug|x64.Build.0 = Debug|x64
		{12DA14A7-8EDA-3313-9D78-916F1D4E82EE}.Release|x64.ActiveCfg = Release|x64
		{12DA14A7-8EDA-3313-9D78-916F1D4E82EE}.Release|x64.Build.0 = Release|x64
		{12DA14A7-8EDA-3313-9D78-916F1D4E82EE}.MinSizeRel|x64.ActiveCfg = MinSizeRel|x64
		{12DA14A7-8EDA-3313-9D78-916F1D4E82EE}.MinSizeRel|x64.Build.0 = MinSizeRel|x64
		{12DA14A7-8EDA-3313-9D78-916F1D4E82EE}.RelWithDebInfo|x64.ActiveCfg = RelWithDebInfo|x64
		{12DA14A7-8EDA-3313-9D78-916F1D4E82EE}.RelWithDebInfo|x64.Build.0 = RelWithDebInfo|x64
		{8E2AAAFB-3894-344E-8B79-06B307C8FA73}.Debug|x64.ActiveCfg = Debug|x64
		{8E2AAAFB-3894-344E-8B79-06B307C8FA73}.Debug|x64.Build.0 = Debug|x64
		{8E2AAAFB-3894-344E-8B79-06B307C8FA73}.Release|x64.ActiveCfg = Release|x64
		{8E2AAAFB-3894-344E-8B79-06B307C8FA73}.Release|x64.Build.0 = Release|x64
		{8E2AAAFB-3894-344E-8B79-06B307C8FA73}.MinSizeRel|x64.ActiveCfg = MinSizeRel|x64
		{8E2AAAFB-3894-344E-8B79-06B307C8FA73}.MinSizeRel|x64.Build.0 = MinSizeRel|x64
		{8E2AAAFB-3894-344E-8B79-06B307C8FA73}.RelWithDebInfo|x64.ActiveCfg = RelWithDebInfo|x64
		{8E2AAAFB-3894-344E-8B79-06B307C8FA73}.RelWithDebInfo|x64.Build.0 = RelWithDebInfo|x64
		{BE4731C1-6D44-3BF1-B657-37276DAFF697}.Debug|x64.ActiveCfg = Debug|x64
		{BE4731C1-6D44-3BF1-B657-37276DAFF697}.Debug|x64.Build.0 = Debug|x64
		{BE4731C1-6D44-3BF1-B657-37276DAFF697}.Release|x64.ActiveCfg = Release|x64
		{BE4731C1-6D44-3BF1-B657-37276DAFF697}.Release|x64.Build.0 = Release|x64
		{BE4731C1-6D44-3BF1-B657-37276DAFF697}.MinSizeRel|x64.ActiveCfg = MinSizeRel|x64
		{BE4731C1-6D44-3BF1-B657-37276DAFF697}.MinSizeRel|x64.Build.0 = MinSizeRel|x64
		{BE4731C1-6D44-3BF1-B657-37276DAFF697}.RelWithDebInfo|x64.ActiveCfg = RelWithDebInfo|x64
		{BE4731C1-6D44-3BF1-B657-37276DAFF697}.RelWithDebInfo|x64.Build.0 = RelWithDebInfo|x64
		{E6C04194-E93E-32AD-B50B-6614F4CA9CF8}.Debug|x64.ActiveCfg = Debug|x64
		{E6C04194-E93E-32AD-B50B-6614F4CA9CF8}.Debug|x64.Build.0 = Debug|x64
		{E6C04194-E93E-32AD-B50B-6614F4CA9CF8}.Release|x64.ActiveCfg = Release|x64
		{E6C04194-E93E-32AD-B50B-6614F4CA9CF8}.Release|x64.Build.0 = Release|x64
		{E6C04194-E93E-32AD-B50B-6614F4CA9CF8}.MinSizeRel|x64.ActiveCfg = MinSizeRel|x64
		{E6C04194-E93E-32AD-B50B-6614F4CA9CF8}.MinSizeRel|x64.Build.0 = MinSizeRel|x64
		{E6C04194-E93E-32AD-B50B-6614F4CA9CF8}.RelWithDebInfo|x64.ActiveCfg = RelWithDebInfo|x64
		{E6C04194-E93E-32AD-B50B-6614F4CA9CF8}.RelWithDebInfo|x64.Build.0 = RelWithDebInfo|x64
		{0D933C3C-8936-32D3-9DDF-784F99FDEEBD}.Debug|x64.ActiveCfg = Debug|x64
		{0D933C3C-8936-32D3-9DDF-784F99FDEEBD}.Debug|x64.Build.0 = Debug|x64
		{0D933C3C-8936-32D3-9DDF-784F99FDEEBD}.Release|x64.ActiveCfg = Release|x64
		{0D933C3C-8936-32D3-9DDF-784F99FDEEBD}.Release|x64.Build.0 = Release|x64
		{0D933C3C-8936-32D3-9DDF-784F99FDEEBD}.MinSizeRel|x64.ActiveCfg = MinSizeRel|x64
		{0D933C3C-8936-32D3-9DDF-784F99FDEEBD}.MinSizeRel|x64.Build.0 = MinSizeRel|x64
		{0D933C3C-8936-32D3-9DDF-784F99FDEEBD}.RelWithDebInfo|x64.ActiveCfg = RelWithDebInfo|x64
		{0D933C3C-8936-32D3-9DDF-784F99FDEEBD}.RelWithDebInfo|x64.Build.0 = RelWithDebInfo|x64
		{DF09965F-BC2B-37B5-A658-BE1CB0E80531}.Debug|x64.ActiveCfg = Debug|x64
		{DF09965F-BC2B-37B5-A658-BE1CB0E80531}.Debug|x64.Build.0 = Debug|x64
		{DF09965F-BC2B-37B5-A658-BE1CB0E80531}.Release|x64.ActiveCfg = Release|x64
		{DF09965F-BC2B-37B5-A658-BE1CB0E80531}.Release|x64.Build.0 = Release|x64
		{DF09965F-BC2B-37B5-A658-BE1CB0E80531}.MinSizeRel|x64.ActiveCfg = MinSizeRel|x64
		{DF09965F-BC2B-37B5-A658-BE1CB0E80531}.MinSizeRel|x64.Build.0 = MinSizeRel|x64
		{DF09965F-BC2B-37B5-A658-BE1CB0E80531}.RelWithDebInfo|x64.ActiveCfg = RelWithDebInfo|x64
		{DF09965F-BC2B-37B5-A658-BE1CB0E80531}.RelWithDebInfo|x64.Build.0 = RelWithDebInfo|x64
	EndGlobalSection
	GlobalSection(ExtensibilityGlobals) = postSolution
		SolutionGuid = {F85F9FAC-B24B-3260-8725-A85825410156}
	EndGlobalSection
	GlobalSection(ExtensibilityAddIns) = postSolution
	EndGlobalSection
EndGlobal
