
Microsoft Visual Studio Solution File, Format Version 12.00
# Visual Studio Version 17
Project("{8BC9CEB8-8B4A-11D0-8D11-00A0C91BC942}") = "ALL_BUILD", "ALL_BUILD.vcxproj", "{F08DA888-62FC-35F7-8B4B-E55D5E11A832}"
	ProjectSection(ProjectDependencies) = postProject
		{60E61DF5-98BE-319B-BBCB-F519010DA026} = {60E61DF5-98BE-319B-BBCB-F519010DA026}
		{52753AEA-03D1-3420-899C-7078421327C1} = {52753AEA-03D1-3420-899C-7078421327C1}
		{455FEF15-F7B8-37E8-B55E-9C497DCF7BCB} = {455FEF15-F7B8-37E8-B55E-9C497DCF7BCB}
		{113E9633-2F46-39A6-827C-E28C568E737A} = {113E9633-2F46-39A6-827C-E28C568E737A}
		{E2433051-7670-333D-A0A7-46E797392FE0} = {E2433051-7670-333D-A0A7-46E797392FE0}
		{E07665A6-569E-3F36-B301-14462303BA75} = {E07665A6-569E-3F36-B301-14462303BA75}
		{F89B88F1-C75C-3407-BBD1-D796CFB429F1} = {F89B88F1-C75C-3407-BBD1-D796CFB429F1}
		{A2B31A5E-0D41-3109-B590-8923E85B7A6E} = {A2B31A5E-0D41-3109-B590-8923E85B7A6E}
		{041FE60E-C86F-3F24-8C82-B45A90F02111} = {041FE60E-C86F-3F24-8C82-B45A90F02111}
		{6CF2F4AC-2BE9-38D2-9BEC-47A4642C2BBE} = {6CF2F4AC-2BE9-38D2-9BEC-47A4642C2BBE}
		{96845351-2424-3757-B518-84298FA61B15} = {96845351-2424-3757-B518-84298FA61B15}
		{C6BA6E9B-10B4-3C21-BA37-EEDC02D176FD} = {C6BA6E9B-10B4-3C21-BA37-EEDC02D176FD}
		{C2EE15A1-0589-3378-AE96-3D2B44E657B2} = {C2EE15A1-0589-3378-AE96-3D2B44E657B2}
		{F1906925-6648-3CA1-8604-C57E0BD6A20A} = {F1906925-6648-3CA1-8604-C57E0BD6A20A}
		{7A5965AD-1CDA-32DA-B043-3F0540644E40} = {7A5965AD-1CDA-32DA-B043-3F0540644E40}
		{D34EF252-BA5B-354D-8607-2B9E6BCCE473} = {D34EF252-BA5B-354D-8607-2B9E6BCCE473}
	EndProjectSection
EndProject
Project("{8BC9CEB8-8B4A-11D0-8D11-00A0C91BC942}") = "ImGui", "ImGui.vcxproj", "{60E61DF5-98BE-319B-BBCB-F519010DA026}"
	ProjectSection(ProjectDependencies) = postProject
		{455FEF15-F7B8-37E8-B55E-9C497DCF7BCB} = {455FEF15-F7B8-37E8-B55E-9C497DCF7BCB}
	EndProjectSection
EndProject
Project("{8BC9CEB8-8B4A-11D0-8D11-00A0C91BC942}") = "ImagineStudio", "ImagineStudio.vcxproj", "{52753AEA-03D1-3420-899C-7078421327C1}"
	ProjectSection(ProjectDependencies) = postProject
		{60E61DF5-98BE-319B-BBCB-F519010DA026} = {60E61DF5-98BE-319B-BBCB-F519010DA026}
		{455FEF15-F7B8-37E8-B55E-9C497DCF7BCB} = {455FEF15-F7B8-37E8-B55E-9C497DCF7BCB}
		{C6BA6E9B-10B4-3C21-BA37-EEDC02D176FD} = {C6BA6E9B-10B4-3C21-BA37-EEDC02D176FD}
	EndProjectSection
EndProject
Project("{8BC9CEB8-8B4A-11D0-8D11-00A0C91BC942}") = "ZERO_CHECK", "ZERO_CHECK.vcxproj", "{455FEF15-F7B8-37E8-B55E-9C497DCF7BCB}"
	ProjectSection(ProjectDependencies) = postProject
	EndProjectSection
EndProject
Project("{8BC9CEB8-8B4A-11D0-8D11-00A0C91BC942}") = "adapter_test", "adapter_test.vcxproj", "{113E9633-2F46-39A6-827C-E28C568E737A}"
	ProjectSection(ProjectDependencies) = postProject
		{455FEF15-F7B8-37E8-B55E-9C497DCF7BCB} = {455FEF15-F7B8-37E8-B55E-9C497DCF7BCB}
	EndProjectSection
EndProject
Project("{8BC9CEB8-8B4A-11D0-8D11-00A0C91BC942}") = "asset_database_test", "asset_database_test.vcxproj", "{E2433051-7670-333D-A0A7-46E797392FE0}"
	ProjectSection(ProjectDependencies) = postProject
		{455FEF15-F7B8-37E8-B55E-9C497DCF7BCB} = {455FEF15-F7B8-37E8-B55E-9C497DCF7BCB}
	EndProjectSection
EndProject
Project("{8BC9CEB8-8B4A-11D0-8D11-00A0C91BC942}") = "entity_test", "entity_test.vcxproj", "{E07665A6-569E-3F36-B301-14462303BA75}"
	ProjectSection(ProjectDependencies) = postProject
		{455FEF15-F7B8-37E8-B55E-9C497DCF7BCB} = {455FEF15-F7B8-37E8-B55E-9C497DCF7BCB}
	EndProjectSection
EndProject
Project("{8BC9CEB8-8B4A-11D0-8D11-00A0C91BC942}") = "example_runner", "example_runner.vcxproj", "{F89B88F1-C75C-3407-BBD1-D796CFB429F1}"
	ProjectSection(ProjectDependencies) = postProject
		{455FEF15-F7B8-37E8-B55E-9C497DCF7BCB} = {455FEF15-F7B8-37E8-B55E-9C497DCF7BCB}
	EndProjectSection
EndProject
Project("{8BC9CEB8-8B4A-11D0-8D11-00A0C91BC942}") = "material_test", "material_test.vcxproj", "{A2B31A5E-0D41-3109-B590-8923E85B7A6E}"
	ProjectSection(ProjectDependencies) = postProject
		{60E61DF5-98BE-319B-BBCB-F519010DA026} = {60E61DF5-98BE-319B-BBCB-F519010DA026}
		{455FEF15-F7B8-37E8-B55E-9C497DCF7BCB} = {455FEF15-F7B8-37E8-B55E-9C497DCF7BCB}
	EndProjectSection
EndProject
Project("{8BC9CEB8-8B4A-11D0-8D11-00A0C91BC942}") = "mesh_importer_test", "mesh_importer_test.vcxproj", "{041FE60E-C86F-3F24-8C82-B45A90F02111}"
	ProjectSection(ProjectDependencies) = postProject
		{455FEF15-F7B8-37E8-B55E-9C497DCF7BCB} = {455FEF15-F7B8-37E8-B55E-9C497DCF7BCB}
	EndProjectSection
EndProject
Project("{8BC9CEB8-8B4A-11D0-8D11-00A0C91BC942}") = "scene_serializer_test", "scene_serializer_test.vcxproj", "{6CF2F4AC-2BE9-38D2-9BEC-47A4642C2BBE}"
	ProjectSection(ProjectDependencies) = postProject
		{455FEF15-F7B8-37E8-B55E-9C497DCF7BCB} = {455FEF15-F7B8-37E8-B55E-9C497DCF7BCB}
	EndProjectSection
EndProject
Project("{8BC9CEB8-8B4A-11D0-8D11-00A0C91BC942}") = "scene_test", "scene_test.vcxproj", "{96845351-2424-3757-B518-84298FA61B15}"
	ProjectSection(ProjectDependencies) = postProject
		{455FEF15-F7B8-37E8-B55E-9C497DCF7BCB} = {455FEF15-F7B8-37E8-B55E-9C497DCF7BCB}
	EndProjectSection
EndProject
Project("{8BC9CEB8-8B4A-11D0-8D11-00A0C91BC942}") = "stb_image", "stb_image.vcxproj", "{C6BA6E9B-10B4-3C21-BA37-EEDC02D176FD}"
	ProjectSection(ProjectDependencies) = postProject
		{455FEF15-F7B8-37E8-B55E-9C497DCF7BCB} = {455FEF15-F7B8-37E8-B55E-9C497DCF7BCB}
	EndProjectSection
EndProject
Project("{8BC9CEB8-8B4A-11D0-8D11-00A0C91BC942}") = "taskgraph_test", "taskgraph_test.vcxproj", "{C2EE15A1-0589-3378-AE96-3D2B44E657B2}"
	ProjectSection(ProjectDependencies) = postProject
		{455FEF15-F7B8-37E8-B55E-9C497DCF7BCB} = {455FEF15-F7B8-37E8-B55E-9C497DCF7BCB}
	EndProjectSection
EndProject
Project("{8BC9CEB8-8B4A-11D0-8D11-00A0C91BC942}") = "texture_importer_test", "texture_importer_test.vcxproj", "{F1906925-6648-3CA1-8604-C57E0BD6A20A}"
	ProjectSection(ProjectDependencies) = postProject
		{455FEF15-F7B8-37E8-B55E-9C497DCF7BCB} = {455FEF15-F7B8-37E8-B55E-9C497DCF7BCB}
		{C6BA6E9B-10B4-3C21-BA37-EEDC02D176FD} = {C6BA6E9B-10B4-3C21-BA37-EEDC02D176FD}
	EndProjectSection
EndProject
Project("{8BC9CEB8-8B4A-11D0-8D11-00A0C91BC942}") = "threadpool_bench", "threadpool_bench.vcxproj", "{7A5965AD-1CDA-32DA-B043-3F0540644E40}"
	ProjectSection(ProjectDependencies) = postProject
		{455FEF15-F7B8-37E8-B55E-9C497DCF7BCB} = {455FEF15-F7B8-37E8-B55E-9C497DCF7BCB}
	EndProjectSection
EndProject
Project("{8BC9CEB8-8B4A-11D0-8D11-00A0C91BC942}") = "transform_test", "transform_test.vcxproj", "{D34EF252-BA5B-354D-8607-2B9E6BCCE473}"
	ProjectSection(ProjectDependencies) = postProject
		{455FEF15-F7B8-37E8-B55E-9C497DCF7BCB} = {455FEF15-F7B8-37E8-B55E-9C497DCF7BCB}
	EndProjectSection
EndProject
Global
	GlobalSection(SolutionConfigurationPlatforms) = preSolution
		Debug|x64 = Debug|x64
		Release|x64 = Release|x64
		MinSizeRel|x64 = MinSizeRel|x64
		RelWithDebInfo|x64 = RelWithDebInfo|x64
	EndGlobalSection
	GlobalSection(ProjectConfigurationPlatforms) = postSolution
		{F08DA888-62FC-35F7-8B4B-E55D5E11A832}.Debug|x64.ActiveCfg = Debug|x64
		{F08DA888-62FC-35F7-8B4B-E55D5E11A832}.Release|x64.ActiveCfg = Release|x64
		{F08DA888-62FC-35F7-8B4B-E55D5E11A832}.MinSizeRel|x64.ActiveCfg = MinSizeRel|x64
		{F08DA888-62FC-35F7-8B4B-E55D5E11A832}.RelWithDebInfo|x64.ActiveCfg = RelWithDebInfo|x64
		{60E61DF5-98BE-319B-BBCB-F519010DA026}.Debug|x64.ActiveCfg = Debug|x64
		{60E61DF5-98BE-319B-BBCB-F519010DA026}.Debug|x64.Build.0 = Debug|x64
		{60E61DF5-98BE-319B-BBCB-F519010DA026}.Release|x64.ActiveCfg = Release|x64
		{60E61DF5-98BE-319B-BBCB-F519010DA026}.Release|x64.Build.0 = Release|x64
		{60E61DF5-98BE-319B-BBCB-F519010DA026}.MinSizeRel|x64.ActiveCfg = MinSizeRel|x64
		{60E61DF5-98BE-319B-BBCB-F519010DA026}.MinSizeRel|x64.Build.0 = MinSizeRel|x64
		{60E61DF5-98BE-319B-BBCB-F519010DA026}.RelWithDebInfo|x64.ActiveCfg = RelWithDebInfo|x64
		{60E61DF5-98BE-319B-BBCB-F519010DA026}.RelWithDebInfo|x64.Build.0 = RelWithDebInfo|x64
		{52753AEA-03D1-3420-899C-7078421327C1}.Debug|x64.ActiveCfg = Debug|x64
		{52753AEA-03D1-3420-899C-7078421327C1}.Debug|x64.Build.0 = Debug|x64
		{52753AEA-03D1-3420-899C-7078421327C1}.Release|x64.ActiveCfg = Release|x64
		{52753AEA-03D1-3420-899C-7078421327C1}.Release|x64.Build.0 = Release|x64
		{52753AEA-03D1-3420-899C-7078421327C1}.MinSizeRel|x64.ActiveCfg = MinSizeRel|x64
		{52753AEA-03D1-3420-899C-7078421327C1}.MinSizeRel|x64.Build.0 = MinSizeRel|x64
		{52753AEA-03D1-3420-899C-7078421327C1}.RelWithDebInfo|x64.ActiveCfg = RelWithDebInfo|x64
		{52753AEA-03D1-3420-899C-7078421327C1}.RelWithDebInfo|x64.Build.0 = RelWithDebInfo|x64
		{455FEF15-F7B8-37E8-B55E-9C497DCF7BCB}.Debug|x64.ActiveCfg = Debug|x64
		{455FEF15-F7B8-37E8-B55E-9C497DCF7BCB}.Debug|x64.Build.0 = Debug|x64
		{455FEF15-F7B8-37E8-B55E-9C497DCF7BCB}.Release|x64.ActiveCfg = Release|x64
		{455FEF15-F7B8-37E8-B55E-9C497DCF7BCB}.Release|x64.Build.0 = Release|x64
		{455FEF15-F7B8-37E8-B55E-9C497DCF7BCB}.MinSizeRel|x64.ActiveCfg = MinSizeRel|x64
		{455FEF15-F7B8-37E8-B55E-9C497DCF7BCB}.MinSizeRel|x64.Build.0 = MinSizeRel|x64
		{455FEF15-F7B8-37E8-B55E-9C497DCF7BCB}.RelWithDebInfo|x64.ActiveCfg = RelWithDebInfo|x64
		{455FEF15-F7B8-37E8-B55E-9C497DCF7BCB}.RelWithDebInfo|x64.Build.0 = RelWithDebInfo|x64
		{113E9633-2F46-39A6-827C-E28C568E737A}.Debug|x64.ActiveCfg = Debug|x64
		{113E9633-2F46-39A6-827C-E28C568E737A}.Debug|x64.Build.0 = Debug|x64
		{113E9633-2F46-39A6-827C-E28C568E737A}.Release|x64.ActiveCfg = Release|x64
		{113E9633-2F46-39A6-827C-E28C568E737A}.Release|x64.Build.0 = Release|x64
		{113E9633-2F46-39A6-827C-E28C568E737A}.MinSizeRel|x64.ActiveCfg = MinSizeRel|x64
		{113E9633-2F46-39A6-827C-E28C568E737A}.MinSizeRel|x64.Build.0 = MinSizeRel|x64
		{113E9633-2F46-39A6-827C-E28C568E737A}.RelWithDebInfo|x64.ActiveCfg = RelWithDebInfo|x64
		{113E9633-2F46-39A6-827C-E28C568E737A}.RelWithDebInfo|x64.Build.0 = RelWithDebInfo|x64
		{E2433051-7670-333D-A0A7-46E797392FE0}.Debug|x64.ActiveCfg = Debug|x64
		{E2433051-7670-333D-A0A7-46E797392FE0}.Debug|x64.Build.0 = Debug|x64
		{E2433051-7670-333D-A0A7-46E797392FE0}.Release|x64.ActiveCfg = Release|x64
		{E2433051-7670-333D-A0A7-46E797392FE0}.Release|x64.Build.0 = Release|x64
		{E2433051-7670-333D-A0A7-46E797392FE0}.MinSizeRel|x64.ActiveCfg = MinSizeRel|x64
		{E2433051-7670-333D-A0A7-46E797392FE0}.MinSizeRel|x64.Build.0 = MinSizeRel|x64
		{E2433051-7670-333D-A0A7-46E797392FE0}.RelWithDebInfo|x64.ActiveCfg = RelWithDebInfo|x64
		{E2433051-7670-333D-A0A7-46E797392FE0}.RelWithDebInfo|x64.Build.0 = RelWithDebInfo|x64
		{E07665A6-569E-3F36-B301-14462303BA75}.Debug|x64.ActiveCfg = Debug|x64
		{E07665A6-569E-3F36-B301-14462303BA75}.Debug|x64.Build.0 = Debug|x64
		{E07665A6-569E-3F36-B301-14462303BA75}.Release|x64.ActiveCfg = Release|x64
		{E07665A6-569E-3F36-B301-14462303BA75}.Release|x64.Build.0 = Release|x64
		{E07665A6-569E-3F36-B301-14462303BA75}.MinSizeRel|x64.ActiveCfg = MinSizeRel|x64
		{E07665A6-569E-3F36-B301-14462303BA75}.MinSizeRel|x64.Build.0 = MinSizeRel|x64
		{E07665A6-569E-3F36-B301-14462303BA75}.RelWithDebInfo|x64.ActiveCfg = RelWithDebInfo|x64
		{E07665A6-569E-3F36-B301-14462303BA75}.RelWithDebInfo|x64.Build.0 = RelWithDebInfo|x64
		{F89B88F1-C75C-3407-BBD1-D796CFB429F1}.Debug|x64.ActiveCfg = Debug|x64
		{F89B88F1-C75C-3407-BBD1-D796CFB429F1}.Debug|x64.Build.0 = Debug|x64
		{F89B88F1-C75C-3407-BBD1-D796CFB429F1}.Release|x64.ActiveCfg = Release|x64
		{F89B88F1-C75C-3407-BBD1-D796CFB429F1}.Release|x64.Build.0 = Release|x64
		{F89B88F1-C75C-3407-BBD1-D796CFB429F1}.MinSizeRel|x64.ActiveCfg = MinSizeRel|x64
		{F89B88F1-C75C-3407-BBD1-D796CFB429F1}.MinSizeRel|x64.Build.0 = MinSizeRel|x64
		{F89B88F1-C75C-3407-BBD1-D796CFB429F1}.RelWithDebInfo|x64.ActiveCfg = RelWithDebInfo|x64
		{F89B88F1-C75C-3407-BBD1-D796CFB429F1}.RelWithDebInfo|x64.Build.0 = RelWithDebInfo|x64
		{A2B31A5E-0D41-3109-B590-8923E85B7A6E}.Debug|x64.ActiveCfg = Debug|x64
		{A2B31A5E-0D41-3109-B590-8923E85B7A6E}.Debug|x64.Build.0 = Debug|x64
		{A2B31A5E-0D41-3109-B590-8923E85B7A6E}.Release|x64.ActiveCfg = Release|x64
		{A2B31A5E-0D41-3109-B590-8923E85B7A6E}.Release|x64.Build.0 = Release|x64
		{A2B31A5E-0D41-3109-B590-8923E85B7A6E}.MinSizeRel|x64.ActiveCfg = MinSizeRel|x64
		{A2B31A5E-0D41-3109-B590-8923E85B7A6E}.MinSizeRel|x64.Build.0 = MinSizeRel|x64
		{A2B31A5E-0D41-3109-B590-8923E85B7A6E}.RelWithDebInfo|x64.ActiveCfg = RelWithDebInfo|x64
		{A2B31A5E-0D41-3109-B590-8923E85B7A6E}.RelWithDebInfo|x64.Build.0 = RelWithDebInfo|x64
		{041FE60E-C86F-3F24-8C82-B45A90F02111}.Debug|x64.ActiveCfg = Debug|x64
		{041FE60E-C86F-3F24-8C82-B45A90F02111}.Debug|x64.Build.0 = Debug|x64
		{041FE60E-C86F-3F24-8C82-B45A90F02111}.Release|x64.ActiveCfg = Release|x64
		{041FE60E-C86F-3F24-8C82-B45A90F02111}.Release|x64.Build.0 = Release|x64
		{041FE60E-C86F-3F24-8C82-B45A90F02111}.MinSizeRel|x64.ActiveCfg = MinSizeRel|x64
		{041FE60E-C86F-3F24-8C82-B45A90F02111}.MinSizeRel|x64.Build.0 = MinSizeRel|x64
		{041FE60E-C86F-3F24-8C82-B45A90F02111}.RelWithDebInfo|x64.ActiveCfg = RelWithDebInfo|x64
		{041FE60E-C86F-3F24-8C82-B45A90F02111}.RelWithDebInfo|x64.Build.0 = RelWithDebInfo|x64
		{6CF2F4AC-2BE9-38D2-9BEC-47A4642C2BBE}.Debug|x64.ActiveCfg = Debug|x64
		{6CF2F4AC-2BE9-38D2-9BEC-47A4642C2BBE}.Debug|x64.Build.0 = Debug|x64
		{6CF2F4AC-2BE9-38D2-9BEC-47A4642C2BBE}.Release|x64.ActiveCfg = Release|x64
		{6CF2F4AC-2BE9-38D2-9BEC-47A4642C2BBE}.Release|x64.Build.0 = Release|x64
		{6CF2F4AC-2BE9-38D2-9BEC-47A4642C2BBE}.MinSizeRel|x64.ActiveCfg = MinSizeRel|x64
		{6CF2F4AC-2BE9-38D2-9BEC-47A4642C2BBE}.MinSizeRel|x64.Build.0 = MinSizeRel|x64
		{6CF2F4AC-2BE9-38D2-9BEC-47A4642C2BBE}.RelWithDebInfo|x64.ActiveCfg = RelWithDebInfo|x64
		{6CF2F4AC-2BE9-38D2-9BEC-47A4642C2BBE}.RelWithDebInfo|x64.Build.0 = RelWithDebInfo|x64
		{96845351-2424-3757-B518-84298FA61B15}.Debug|x64.ActiveCfg = Debug|x64
		{96845351-2424-3757-B518-84298FA61B15}.Debug|x64.Build.0 = Debug|x64
		{96845351-2424-3757-B518-84298FA61B15}.Release|x64.ActiveCfg = Release|x64
		{96845351-2424-3757-B518-84298FA61B15}.Release|x64.Build.0 = Release|x64
		{96845351-2424-3757-B518-84298FA61B15}.MinSizeRel|x64.ActiveCfg = MinSizeRel|x64
		{96845351-2424-3757-B518-84298FA61B15}.MinSizeRel|x64.Build.0 = MinSizeRel|x64
		{96845351-2424-3757-B518-84298FA61B15}.RelWithDebInfo|x64.ActiveCfg = RelWithDebInfo|x64
		{96845351-2424-3757-B518-84298FA61B15}.RelWithDebInfo|x64.Build.0 = RelWithDebInfo|x64
		{C6BA6E9B-10B4-3C21-BA37-EEDC02D176FD}.Debug|x64.ActiveCfg = Debug|x64
		{C6BA6E9B-10B4-3C21-BA37-EEDC02D176FD}.Debug|x64.Build.0 = Debug|x64
		{C6BA6E9B-10B4-3C21-BA37-EEDC02D176FD}.Release|x64.ActiveCfg = Release|x64
		{C6BA6E9B-10B4-3C21-BA37-EEDC02D176FD}.Release|x64.Build.0 = Release|x64
		{C6BA6E9B-10B4-3C21-BA37-EEDC02D176FD}.MinSizeRel|x64.ActiveCfg = MinSizeRel|x64
		{C6BA6E9B-10B4-3C21-BA37-EEDC02D176FD}.MinSizeRel|x64.Build.0 = MinSizeRel|x64
		{C6BA6E9B-10B4-3C21-BA37-EEDC02D176FD}.RelWithDebInfo|x64.ActiveCfg = RelWithDebInfo|x64
		{C6BA6E9B-10B4-3C21-BA37-EEDC02D176FD}.RelWithDebInfo|x64.Build.0 = RelWithDebInfo|x64
		{C2EE15A1-0589-3378-AE96-3D2B44E657B2}.Debug|x64.ActiveCfg = Debug|x64
		{C2EE15A1-0589-3378-AE96-3D2B44E657B2}.Debug|x64.Build.0 = Debug|x64
		{C2EE15A1-0589-3378-AE96-3D2B44E657B2}.Release|x64.ActiveCfg = Release|x64
		{C2EE15A1-0589-3378-AE96-3D2B44E657B2}.Release|x64.Build.0 = Release|x64
		{C2EE15A1-0589-3378-AE96-3D2B44E657B2}.MinSizeRel|x64.ActiveCfg = MinSizeRel|x64
		{C2EE15A1-0589-3378-AE96-3D2B44E657B2}.MinSizeRel|x64.Build.0 = MinSizeRel|x64
		{C2EE15A1-0589-3378-AE96-3D2B44E657B2}.RelWithDebInfo|x64.ActiveCfg = RelWithDebInfo|x64
		{C2EE15A1-0589-3378-AE96-3D2B44E657B2}.RelWithDebInfo|x64.Build.0 = RelWithDebInfo|x64
		{F1906925-6648-3CA1-8604-C57E0BD6A20A}.Debug|x64.ActiveCfg = Debug|x64
		{F1906925-6648-3CA1-8604-C57E0BD6A20A}.Debug|x64.Build.0 = Debug|x64
		{F1906925-6648-3CA1-8604-C57E0BD6A20A}.Release|x64.ActiveCfg = Release|x64
		{F1906925-6648-3CA1-8604-C57E0BD6A20A}.Release|x64.Build.0 = Release|x64
		{F1906925-6648-3CA1-8604-C57E0BD6A20A}.MinSizeRel|x64.ActiveCfg = MinSizeRel|x64
		{F1906925-6648-3CA1-8604-C57E0BD6A20A}.MinSizeRel|x64.Build.0 = MinSizeRel|x64
		{F1906925-6648-3CA1-8604-C57E0BD6A20A}.RelWithDebInfo|x64.ActiveCfg = RelWithDebInfo|x64
		{F1906925-6648-3CA1-8604-C57E0BD6A20A}.RelWithDebInfo|x64.Build.0 = RelWithDebInfo|x64
		{7A5965AD-1CDA-32DA-B043-3F0540644E40}.Debug|x64.ActiveCfg = Debug|x64
		{7A5965AD-1CDA-32DA-B043-3F0540644E40}.Debug|x64.Build.0 = Debug|x64
		{7A5965AD-1CDA-32DA-B043-3F0540644E40}.Release|x64.ActiveCfg = Release|x64
		{7A5965AD-1CDA-32DA-B043-3F0540644E40}.Release|x64.Build.0 = Release|x64
		{7A5965AD-1CDA-32DA-B043-3F0540644E40}.MinSizeRel|x64.ActiveCfg = MinSizeRel|x64
		{7A5965AD-1CDA-32DA-B043-3F0540644E40}.MinSizeRel|x64.Build.0 = MinSizeRel|x64
		{7A5965AD-1CDA-32DA-B043-3F0540644E40}.RelWithDebInfo|x64.ActiveCfg = RelWithDebInfo|x64
		{7A5965AD-1CDA-32DA-B043-3F0540644E40}.RelWithDebInfo|x64.Build.0 = RelWithDebInfo|x64
		{D34EF252-BA5B-354D-8607-2B9E6BCCE473}.Debug|x64.ActiveCfg = Debug|x64
		{D34EF252-BA5B-354D-8607-2B9E6BCCE473}.Debug|x64.Build.0 = Debug|x64
		{D34EF252-BA5B-354D-8607-2B9E6BCCE473}.Release|x64.ActiveCfg = Release|x64
		{D34EF252-BA5B-354D-8607-2B9E6BCCE473}.Release|x64.Build.0 = Release|x64
		{D34EF252-BA5B-354D-8607-2B9E6BCCE473}.MinSizeRel|x64.ActiveCfg = MinSizeRel|x64
		{D34EF252-BA5B-354D-8607-2B9E6BCCE473}.MinSizeRel|x64.Build.0 = MinSizeRel|x64
		{D34EF252-BA5B-354D-8607-2B9E6BCCE473}.RelWithDebInfo|x64.ActiveCfg = RelWithDebInfo|x64
		{D34EF252-BA5B-354D-8607-2B9E6BCCE473}.RelWithDebInfo|x64.Build.0 = RelWithDebInfo|x64
	EndGlobalSection
	GlobalSection(ExtensibilityGlobals) = postSolution
		SolutionGuid = {06169141-B8F9-3697-9C33-3E3FC29CA2C3}
	EndGlobalSection
	GlobalSection(ExtensibilityAddIns) = postSolution
	EndGlobalSection
EndGlobal
